
Microsoft Visual Studio Solution File, Format Version 12.00
# Visual Studio Version 17
VisualStudioVersion = 17.7.34009.444
MinimumVisualStudioVersion = 10.0.40219.1
Project("{FAE04EC0-301F-11D3-BF4B-00C04F79EFBC}") = "ElevatorControlExample", "ElevatorControlExample\ElevatorControlExample.csproj", "{F294746E-4880-4B0C-849D-C244E7E4AC16}"
EndProject
Global
	GlobalSection(SolutionConfigurationPlatforms) = preSolution
		Debug|Any CPU = Debug|Any CPU
		Release|Any CPU = Release|Any CPU
	EndGlobalSection
	GlobalSection(ProjectConfigurationPlatforms) = postSolution
		{F294746E-4880-4B0C-849D-C244E7E4AC16}.Debug|Any CPU.ActiveCfg = Debug|Any CPU
		{F294746E-4880-4B0C-849D-C244E7E4AC16}.Debug|Any CPU.Build.0 = Debug|Any CPU
		{F294746E-4880-4B0C-849D-C244E7E4AC16}.Release|Any CPU.ActiveCfg = Release|Any CPU
		{F294746E-4880-4B0C-849D-C244E7E4AC16}.Release|Any CPU.Build.0 = Release|Any CPU
	EndGlobalSection
	GlobalSection(SolutionProperties) = preSolution
		HideSolutionNode = FALSE
	EndGlobalSection
	GlobalSection(ExtensibilityGlobals) = postSolution
		SolutionGuid = {8C481A47-D61D-42A7-A26E-3DB4421E548B}
	EndGlobalSection
EndGlobal
